{
  "name": "quick-fix",
  "version": "0.0.0",
  "lockfileVersion": 1,
  "dependencies": {
    "abbrev": {
      "version": "https://registry.npmjs.org/abbrev/-/abbrev-1.1.0.tgz",
      "integrity": "sha1-0FVMIlZjbi9W58LlrRg/hZQo2B8="
    },
    "bluebird": {
      "version": "https://registry.npmjs.org/bluebird/-/bluebird-3.5.0.tgz",
      "integrity": "sha1-eRQg1/VR7qKJdFOop3ZT+WYG1nw="
    },
    "classifier": {
      "version": "https://registry.npmjs.org/classifier/-/classifier-0.1.0.tgz",
      "integrity": "sha1-4rGFu6Y7v5J893cO6h63Cus/lZY="
    },
    "clone": {
      "version": "https://registry.npmjs.org/clone/-/clone-2.1.1.tgz",
      "integrity": "sha1-0hfR6WERjjrJpLi7oyhVU79kfNs="
    },
    "commander": {
      "version": "https://registry.npmjs.org/commander/-/commander-2.9.0.tgz",
      "integrity": "sha1-nJkJQXbhIkDLItbFFGCYQA/g99Q="
    },
    "config-chain": {
      "version": "https://registry.npmjs.org/config-chain/-/config-chain-1.1.11.tgz",
      "integrity": "sha1-q6CXR9++TD5w52am5BWG4YWfxvI="
    },
    "cssify": {
      "version": "0.3.0",
      "resolved": "https://registry.npmjs.org/cssify/-/cssify-0.3.0.tgz",
      "integrity": "sha1-IshLWiqpbL7EqfK43d1sbKNX8yk="
    },
    "double-ended-queue": {
      "version": "https://registry.npmjs.org/double-ended-queue/-/double-ended-queue-2.1.0-0.tgz",
      "integrity": "sha1-ED01J/0xUo9AGIEwyEHv3XgmTlw="
    },
    "editorconfig": {
      "version": "https://registry.npmjs.org/editorconfig/-/editorconfig-0.13.2.tgz",
      "integrity": "sha1-jleSbZ7mmrbLmZ8CfCFxRnrM6zU="
    },
    "electron-settings": {
      "version": "https://registry.npmjs.org/electron-settings/-/electron-settings-3.0.14.tgz",
      "integrity": "sha1-82BRJ/cg/2ZBG7jd4LZvYR8DiF8="
    },
    "graceful-fs": {
      "version": "https://registry.npmjs.org/graceful-fs/-/graceful-fs-4.1.11.tgz",
      "integrity": "sha1-Dovf5NHduIVNZOBOp8AOKgJuVlg=",
      "optional": true
    },
    "graceful-readlink": {
      "version": "https://registry.npmjs.org/graceful-readlink/-/graceful-readlink-1.0.1.tgz",
      "integrity": "sha1-TK+tdrxi8C+gObL5Tpo906ORpyU="
    },
    "ini": {
      "version": "https://registry.npmjs.org/ini/-/ini-1.3.4.tgz",
      "integrity": "sha1-BTfLedr1m1mhpRff9wbIbsA5Fi4="
    },
    "js-beautify": {
      "version": "https://registry.npmjs.org/js-beautify/-/js-beautify-1.6.14.tgz",
      "integrity": "sha1-07j3Mi0CuSd9WL0jgmTDJ+WARM0="
    },
    "jsonfile": {
      "version": "https://registry.npmjs.org/jsonfile/-/jsonfile-2.4.0.tgz",
      "integrity": "sha1-NzaitCi4e72gzIO1P6PWM6NcKug="
    },
    "language-classifier": {
      "version": "https://registry.npmjs.org/language-classifier/-/language-classifier-0.0.1.tgz",
      "integrity": "sha1-sMRMqzMZSOaKh5zWPVwdpok2d0s="
    },
    "lru-cache": {
      "version": "https://registry.npmjs.org/lru-cache/-/lru-cache-3.2.0.tgz",
      "integrity": "sha1-cXibO39Tmb7IVl3aOKow0qCX7+4="
    },
    "minimist": {
      "version": "https://registry.npmjs.org/minimist/-/minimist-0.0.8.tgz",
      "integrity": "sha1-hX/Kv8M5fSYluCKCYuhqp6ARsF0="
    },
    "mkdirp": {
      "version": "https://registry.npmjs.org/mkdirp/-/mkdirp-0.5.1.tgz",
      "integrity": "sha1-MAV0OOrGz3+MR2fzhkjWaX11yQM="
    },
    "nopt": {
      "version": "https://registry.npmjs.org/nopt/-/nopt-3.0.6.tgz",
      "integrity": "sha1-xkZdvwirzU2zWTF/eaxopkayj/k="
    },
    "proto-list": {
      "version": "https://registry.npmjs.org/proto-list/-/proto-list-1.2.4.tgz",
      "integrity": "sha1-IS1b/hMYMGpCD2QCuOJv85ZHqEk="
    },
    "pseudomap": {
      "version": "https://registry.npmjs.org/pseudomap/-/pseudomap-1.0.2.tgz",
      "integrity": "sha1-8FKijacOYYkX7wqKw0wa5aaChrM="
    },
    "redis": {
      "version": "https://registry.npmjs.org/redis/-/redis-2.7.1.tgz",
      "integrity": "sha1-fVb3h1uYsgQQtxU58dh47Vjr9Go="
    },
    "redis-commands": {
      "version": "https://registry.npmjs.org/redis-commands/-/redis-commands-1.3.1.tgz",
      "integrity": "sha1-gdgm9F+pyLIBH0zXoP5ZfSQdRCs="
    },
    "redis-parser": {
      "version": "https://registry.npmjs.org/redis-parser/-/redis-parser-2.6.0.tgz",
      "integrity": "sha1-Uu0J2srBCPGmMcB+m2mUHnoZUEs="
    },
    "sigmund": {
      "version": "https://registry.npmjs.org/sigmund/-/sigmund-1.0.1.tgz",
      "integrity": "sha1-P/IfGYytIXX587eBhT/ZTQ0ZtZA="
    },
    "strip-json-comments": {
      "version": "2.0.1",
      "resolved": "https://registry.npmjs.org/strip-json-comments/-/strip-json-comments-2.0.1.tgz",
      "integrity": "sha1-PFMZQukIwml8DsNEhYwobHygpgo="
    },
    "switchery": {
      "version": "0.0.2",
      "resolved": "https://registry.npmjs.org/switchery/-/switchery-0.0.2.tgz",
      "integrity": "sha1-jVIsTrMli6zGyRvsmA4ORuMS0G4="
    },
    "switchery-npm": {
      "version": "0.8.2",
      "resolved": "https://registry.npmjs.org/switchery-npm/-/switchery-npm-0.8.2.tgz",
      "integrity": "sha1-JKQ8dZ88a7PwIg+LiaEBNouAoew="
    },
    "through": {
      "version": "2.3.8",
      "resolved": "https://registry.npmjs.org/through/-/through-2.3.8.tgz",
      "integrity": "sha1-DdTJ/6q8NXlgsbckEV1+Doai4fU="
    },
    "underscore": {
      "version": "https://registry.npmjs.org/underscore/-/underscore-1.8.3.tgz",
      "integrity": "sha1-Tz+1OxBuYJf8+ctBCfKl6b36UCI="
    }
  }
}
